
Microsoft Visual Studio Solution File, Format Version 12.00
# Visual Studio Version 16
VisualStudioVersion = 16.0.31424.327
MinimumVisualStudioVersion = 10.0.40219.1
Project("{FAE04EC0-301F-11D3-BF4B-00C04F79EFBC}") = "iLearn", "iLearn\iLearn.csproj", "{CFF87075-D533-4076-8DEF-E01BB9AE3962}"
EndProject
Global
	GlobalSection(SolutionConfigurationPlatforms) = preSolution
		Debug|Any CPU = Debug|Any CPU
		Release|Any CPU = Release|Any CPU
	EndGlobalSection
	GlobalSection(ProjectConfigurationPlatforms) = postSolution
		{CFF87075-D533-4076-8DEF-E01BB9AE3962}.Debug|Any CPU.ActiveCfg = Debug|Any CPU
		{CFF87075-D533-4076-8DEF-E01BB9AE3962}.Debug|Any CPU.Build.0 = Debug|Any CPU
		{CFF87075-D533-4076-8DEF-E01BB9AE3962}.Release|Any CPU.ActiveCfg = Release|Any CPU
		{CFF87075-D533-4076-8DEF-E01BB9AE3962}.Release|Any CPU.Build.0 = Release|Any CPU
	EndGlobalSection
	GlobalSection(SolutionProperties) = preSolution
		HideSolutionNode = FALSE
	EndGlobalSection
	GlobalSection(ExtensibilityGlobals) = postSolution
		SolutionGuid = {8421927D-F2D0-499B-8A13-EAFAD901CFEE}
	EndGlobalSection
EndGlobal
