
Microsoft Visual Studio Solution File, Format Version 12.00
# Visual Studio 15
VisualStudioVersion = 15.0.28307.1525
MinimumVisualStudioVersion = 10.0.40219.1
Project("{FAE04EC0-301F-11D3-BF4B-00C04F79EFBC}") = "iLearn", "iLearn\iLearn.csproj", "{3CF34DC9-9255-40A3-9883-9633DF4D00ED}"
EndProject
Global
	GlobalSection(SolutionConfigurationPlatforms) = preSolution
		Debug|Any CPU = Debug|Any CPU
		Release|Any CPU = Release|Any CPU
	EndGlobalSection
	GlobalSection(ProjectConfigurationPlatforms) = postSolution
		{3CF34DC9-9255-40A3-9883-9633DF4D00ED}.Debug|Any CPU.ActiveCfg = Debug|Any CPU
		{3CF34DC9-9255-40A3-9883-9633DF4D00ED}.Debug|Any CPU.Build.0 = Debug|Any CPU
		{3CF34DC9-9255-40A3-9883-9633DF4D00ED}.Release|Any CPU.ActiveCfg = Release|Any CPU
		{3CF34DC9-9255-40A3-9883-9633DF4D00ED}.Release|Any CPU.Build.0 = Release|Any CPU
	EndGlobalSection
	GlobalSection(SolutionProperties) = preSolution
		HideSolutionNode = FALSE
	EndGlobalSection
	GlobalSection(ExtensibilityGlobals) = postSolution
		SolutionGuid = {DA772FD6-0089-49AA-8498-6F85CD7262B1}
	EndGlobalSection
EndGlobal
